
Microsoft Visual Studio Solution File, Format Version 12.00
# Visual Studio 15
VisualStudioVersion = 15.0.28307.168
MinimumVisualStudioVersion = 10.0.40219.1
Project("{9A19103F-16F7-4668-BE54-9A1E7A4F7556}") = "GrowkitDataModels", "GrowkitDataModels\GrowkitDataModels.csproj", "{117F3F6B-2C79-4742-BCDF-B9DB9BB3ED23}"
EndProject
Project("{FAE04EC0-301F-11D3-BF4B-00C04F79EFBC}") = "Growkit website", "Growkit website\Growkit website.csproj", "{3E899EA1-C23C-4509-A8EB-D4B9AEAF7B15}"
EndProject
Global
	GlobalSection(SolutionConfigurationPlatforms) = preSolution
		Debug|Any CPU = Debug|Any CPU
		Release|Any CPU = Release|Any CPU
	EndGlobalSection
	GlobalSection(ProjectConfigurationPlatforms) = postSolution
		{117F3F6B-2C79-4742-BCDF-B9DB9BB3ED23}.Debug|Any CPU.ActiveCfg = Debug|Any CPU
		{117F3F6B-2C79-4742-BCDF-B9DB9BB3ED23}.Debug|Any CPU.Build.0 = Debug|Any CPU
		{117F3F6B-2C79-4742-BCDF-B9DB9BB3ED23}.Release|Any CPU.ActiveCfg = Release|Any CPU
		{117F3F6B-2C79-4742-BCDF-B9DB9BB3ED23}.Release|Any CPU.Build.0 = Release|Any CPU
		{3E899EA1-C23C-4509-A8EB-D4B9AEAF7B15}.Debug|Any CPU.ActiveCfg = Debug|Any CPU
		{3E899EA1-C23C-4509-A8EB-D4B9AEAF7B15}.Debug|Any CPU.Build.0 = Debug|Any CPU
		{3E899EA1-C23C-4509-A8EB-D4B9AEAF7B15}.Release|Any CPU.ActiveCfg = Release|Any CPU
		{3E899EA1-C23C-4509-A8EB-D4B9AEAF7B15}.Release|Any CPU.Build.0 = Release|Any CPU
	EndGlobalSection
	GlobalSection(SolutionProperties) = preSolution
		HideSolutionNode = FALSE
	EndGlobalSection
	GlobalSection(ExtensibilityGlobals) = postSolution
		SolutionGuid = {911264C1-F7C6-4D4F-AC30-6A7CBA2346CF}
	EndGlobalSection
EndGlobal
